
Microsoft Visual Studio Solution File, Format Version 12.00
# Visual Studio Version 17
VisualStudioVersion = 17.11.35303.130
MinimumVisualStudioVersion = 10.0.40219.1
Project("{FAE04EC0-301F-11D3-BF4B-00C04F79EFBC}") = "Week8EpicGame", "Week8EpicGame\Week8EpicGame.csproj", "{394EA558-D5DD-403E-B22F-A80017DE1F8D}"
EndProject
Global
	GlobalSection(SolutionConfigurationPlatforms) = preSolution
		Debug|Any CPU = Debug|Any CPU
		Release|Any CPU = Release|Any CPU
	EndGlobalSection
	GlobalSection(ProjectConfigurationPlatforms) = postSolution
		{394EA558-D5DD-403E-B22F-A80017DE1F8D}.Debug|Any CPU.ActiveCfg = Debug|Any CPU
		{394EA558-D5DD-403E-B22F-A80017DE1F8D}.Debug|Any CPU.Build.0 = Debug|Any CPU
		{394EA558-D5DD-403E-B22F-A80017DE1F8D}.Release|Any CPU.ActiveCfg = Release|Any CPU
		{394EA558-D5DD-403E-B22F-A80017DE1F8D}.Release|Any CPU.Build.0 = Release|Any CPU
	EndGlobalSection
	GlobalSection(SolutionProperties) = preSolution
		HideSolutionNode = FALSE
	EndGlobalSection
	GlobalSection(ExtensibilityGlobals) = postSolution
		SolutionGuid = {4BA58804-00E3-4F26-93A1-5DE551A2BD17}
	EndGlobalSection
EndGlobal
